
Microsoft Visual Studio Solution File, Format Version 11.00
# Visual Studio 2010
Project("{FAE04EC0-301F-11D3-BF4B-00C04F79EFBC}") = "PropertyDeal.Core", "PropertyDeal.Core\PropertyDeal.Core.csproj", "{87E84111-38A3-47D8-9BBB-5A6A1232D2E4}"
EndProject
Project("{FAE04EC0-301F-11D3-BF4B-00C04F79EFBC}") = "PropertyDeal.DataAccess", "PropertyDeal.DataAccess\PropertyDeal.DataAccess.csproj", "{95B6C2B2-77B9-4C3F-8E1B-DFA7073E1229}"
EndProject
Project("{FAE04EC0-301F-11D3-BF4B-00C04F79EFBC}") = "PropertyDeal.Framework", "PropertyDeal.Framework\PropertyDeal.Framework.csproj", "{38DCCB96-F0E2-4DC7-ABAA-18AB00E82364}"
EndProject
Project("{FAE04EC0-301F-11D3-BF4B-00C04F79EFBC}") = "PropertyDeal.API", "PropertyDeal.API\PropertyDeal.API.csproj", "{6C4E375C-3C38-4427-B67A-9535778CC7A6}"
EndProject
Global
	GlobalSection(SolutionConfigurationPlatforms) = preSolution
		Debug|Any CPU = Debug|Any CPU
		Release|Any CPU = Release|Any CPU
	EndGlobalSection
	GlobalSection(ProjectConfigurationPlatforms) = postSolution
		{87E84111-38A3-47D8-9BBB-5A6A1232D2E4}.Debug|Any CPU.ActiveCfg = Debug|Any CPU
		{87E84111-38A3-47D8-9BBB-5A6A1232D2E4}.Debug|Any CPU.Build.0 = Debug|Any CPU
		{87E84111-38A3-47D8-9BBB-5A6A1232D2E4}.Release|Any CPU.ActiveCfg = Release|Any CPU
		{87E84111-38A3-47D8-9BBB-5A6A1232D2E4}.Release|Any CPU.Build.0 = Release|Any CPU
		{95B6C2B2-77B9-4C3F-8E1B-DFA7073E1229}.Debug|Any CPU.ActiveCfg = Debug|Any CPU
		{95B6C2B2-77B9-4C3F-8E1B-DFA7073E1229}.Debug|Any CPU.Build.0 = Debug|Any CPU
		{95B6C2B2-77B9-4C3F-8E1B-DFA7073E1229}.Release|Any CPU.ActiveCfg = Release|Any CPU
		{95B6C2B2-77B9-4C3F-8E1B-DFA7073E1229}.Release|Any CPU.Build.0 = Release|Any CPU
		{38DCCB96-F0E2-4DC7-ABAA-18AB00E82364}.Debug|Any CPU.ActiveCfg = Debug|Any CPU
		{38DCCB96-F0E2-4DC7-ABAA-18AB00E82364}.Debug|Any CPU.Build.0 = Debug|Any CPU
		{38DCCB96-F0E2-4DC7-ABAA-18AB00E82364}.Release|Any CPU.ActiveCfg = Release|Any CPU
		{38DCCB96-F0E2-4DC7-ABAA-18AB00E82364}.Release|Any CPU.Build.0 = Release|Any CPU
		{6C4E375C-3C38-4427-B67A-9535778CC7A6}.Debug|Any CPU.ActiveCfg = Debug|Any CPU
		{6C4E375C-3C38-4427-B67A-9535778CC7A6}.Debug|Any CPU.Build.0 = Debug|Any CPU
		{6C4E375C-3C38-4427-B67A-9535778CC7A6}.Release|Any CPU.ActiveCfg = Release|Any CPU
		{6C4E375C-3C38-4427-B67A-9535778CC7A6}.Release|Any CPU.Build.0 = Release|Any CPU
	EndGlobalSection
	GlobalSection(SolutionProperties) = preSolution
		HideSolutionNode = FALSE
	EndGlobalSection
EndGlobal
